{
    "_readme": [
        "This file locks the dependencies of your project to a known state",
        "Read more about it at https://getcomposer.org/doc/01-basic-usage.md#installing-dependencies",
        "This file is @generated automatically"
    ],
    "content-hash": "e38c70e8c64548ed49b54dfb91ea17c8",
    "packages": [
        {
            "name": "cycle/database",
            "version": "2.10.0",
            "source": {
                "type": "git",
                "url": "https://github.com/cycle/database.git",
                "reference": "a8dd4da9ae8a44da87c1df5cae93122ea3f6ef35"
            },
            "dist": {
                "type": "zip",
                "url": "https://api.github.com/repos/cycle/database/zipball/a8dd4da9ae8a44da87c1df5cae93122ea3f6ef35",
                "reference": "a8dd4da9ae8a44da87c1df5cae93122ea3f6ef35",
                "shasum": ""
            },
            "require": {
                "ext-pdo": "*",
                "php": ">=8.0",
                "psr/log": "1 - 3",
                "spiral/core": "^2.8 || ^3.0",
                "spiral/pagination": "^2.8 || ^3.0",
                "symfony/polyfill-php83": "^1.28"
            },
            "conflict": {
                "spiral/database": "*"
            },
            "require-dev": {
                "infection/infection": "^0.26.10",
                "mockery/mockery": "^1.5",
                "phpunit/phpunit": "^9.5",
                "spiral/tokenizer": "^2.14 | ^3.0",
                "vimeo/psalm": "^5.18"
            },
            "type": "library",
            "autoload": {
                "files": [
                    "src/polyfill.php",
                    "src/functions_polyfill.php"
                ],
                "psr-4": {
                    "Cycle\\Database\\": "src"
                }
            },
            "notification-url": "https://packagist.org/downloads/",
            "license": [
                "MIT"
            ],
            "authors": [
                {
                    "name": "Anton Titov (wolfy-j)",
                    "email": "wolfy-j@spiralscout.com"
                },
                {
                    "name": "Aleksei Gagarin (roxblnfk)",
                    "email": "alexey.gagarin@spiralscout.com"
                },
                {
                    "name": "Maksim Smakouz (msmakouz)",
                    "email": "maksim.smakouz@spiralscout.com"
                },
                {
                    "name": "Pavel Butchnev (butschster)",
                    "email": "pavel.buchnev@spiralscout.com"
                }
            ],
            "description": "DBAL, schema introspection, migration and pagination",
            "homepage": "https://cycle-orm.dev",
            "keywords": [
                "database",
                "dbal",
                "mssql",
                "mysql",
                "orm",
                "postgresql",
                "query-builder",
                "sql",
                "sqlite"
            ],
            "support": {
                "chat": "https://discord.gg/spiralphp",
                "docs": "https://cycle-orm.dev/docs",
                "issues": "https://github.com/cycle/database/issues",
                "source": "https://github.com/cycle/database"
            },
            "funding": [
                {
                    "url": "https://github.com/sponsors/cycle",
                    "type": "github"
                }
            ],
            "time": "2024-04-04T19:58:00+00:00"
        },
        {
            "name": "graham-campbell/result-type",
            "version": "v1.1.2",
            "source": {
                "type": "git",
                "url": "https://github.com/GrahamCampbell/Result-Type.git",
                "reference": "fbd48bce38f73f8a4ec8583362e732e4095e5862"
            },
            "dist": {
                "type": "zip",
                "url": "https://api.github.com/repos/GrahamCampbell/Result-Type/zipball/fbd48bce38f73f8a4ec8583362e732e4095e5862",
                "reference": "fbd48bce38f73f8a4ec8583362e732e4095e5862",
                "shasum": ""
            },
            "require": {
                "php": "^7.2.5 || ^8.0",
                "phpoption/phpoption": "^1.9.2"
            },
            "require-dev": {
                "phpunit/phpunit": "^8.5.34 || ^9.6.13 || ^10.4.2"
            },
            "type": "library",
            "autoload": {
                "psr-4": {
                    "GrahamCampbell\\ResultType\\": "src/"
                }
            },
            "notification-url": "https://packagist.org/downloads/",
            "license": [
                "MIT"
            ],
            "authors": [
                {
                    "name": "Graham Campbell",
                    "email": "hello@gjcampbell.co.uk",
                    "homepage": "https://github.com/GrahamCampbell"
                }
            ],
            "description": "An Implementation Of The Result Type",
            "keywords": [
                "Graham Campbell",
                "GrahamCampbell",
                "Result Type",
                "Result-Type",
                "result"
            ],
            "support": {
                "issues": "https://github.com/GrahamCampbell/Result-Type/issues",
                "source": "https://github.com/GrahamCampbell/Result-Type/tree/v1.1.2"
            },
            "funding": [
                {
                    "url": "https://github.com/GrahamCampbell",
                    "type": "github"
                },
                {
                    "url": "https://tidelift.com/funding/github/packagist/graham-campbell/result-type",
                    "type": "tidelift"
                }
            ],
            "time": "2023-11-12T22:16:48+00:00"
        },
        {
            "name": "larapack/dd",
            "version": "1.1",
            "source": {
                "type": "git",
                "url": "https://github.com/larapack/dd.git",
                "reference": "561b5111a13d0094b59b5c81b1572489485fb948"
            },
            "dist": {
                "type": "zip",
                "url": "https://api.github.com/repos/larapack/dd/zipball/561b5111a13d0094b59b5c81b1572489485fb948",
                "reference": "561b5111a13d0094b59b5c81b1572489485fb948",
                "shasum": ""
            },
            "require": {
                "symfony/var-dumper": "*"
            },
            "type": "package",
            "autoload": {
                "files": [
                    "src/helper.php"
                ]
            },
            "notification-url": "https://packagist.org/downloads/",
            "license": [
                "MIT"
            ],
            "authors": [
                {
                    "name": "Mark Topper",
                    "email": "hi@webman.io"
                }
            ],
            "description": "`dd` is a helper method in Laravel. This package will add the `dd` to your application.",
            "support": {
                "issues": "https://github.com/larapack/dd/issues",
                "source": "https://github.com/larapack/dd/tree/master"
            },
            "time": "2016-12-15T09:34:34+00:00"
        },
        {
            "name": "phpoption/phpoption",
            "version": "1.9.2",
            "source": {
                "type": "git",
                "url": "https://github.com/schmittjoh/php-option.git",
                "reference": "80735db690fe4fc5c76dfa7f9b770634285fa820"
            },
            "dist": {
                "type": "zip",
                "url": "https://api.github.com/repos/schmittjoh/php-option/zipball/80735db690fe4fc5c76dfa7f9b770634285fa820",
                "reference": "80735db690fe4fc5c76dfa7f9b770634285fa820",
                "shasum": ""
            },
            "require": {
                "php": "^7.2.5 || ^8.0"
            },
            "require-dev": {
                "bamarni/composer-bin-plugin": "^1.8.2",
                "phpunit/phpunit": "^8.5.34 || ^9.6.13 || ^10.4.2"
            },
            "type": "library",
            "extra": {
                "bamarni-bin": {
                    "bin-links": true,
                    "forward-command": true
                },
                "branch-alias": {
                    "dev-master": "1.9-dev"
                }
            },
            "autoload": {
                "psr-4": {
                    "PhpOption\\": "src/PhpOption/"
                }
            },
            "notification-url": "https://packagist.org/downloads/",
            "license": [
                "Apache-2.0"
            ],
            "authors": [
                {
                    "name": "Johannes M. Schmitt",
                    "email": "schmittjoh@gmail.com",
                    "homepage": "https://github.com/schmittjoh"
                },
                {
                    "name": "Graham Campbell",
                    "email": "hello@gjcampbell.co.uk",
                    "homepage": "https://github.com/GrahamCampbell"
                }
            ],
            "description": "Option Type for PHP",
            "keywords": [
                "language",
                "option",
                "php",
                "type"
            ],
            "support": {
                "issues": "https://github.com/schmittjoh/php-option/issues",
                "source": "https://github.com/schmittjoh/php-option/tree/1.9.2"
            },
            "funding": [
                {
                    "url": "https://github.com/GrahamCampbell",
                    "type": "github"
                },
                {
                    "url": "https://tidelift.com/funding/github/packagist/phpoption/phpoption",
                    "type": "tidelift"
                }
            ],
            "time": "2023-11-12T21:59:55+00:00"
        },
        {
            "name": "psr/container",
            "version": "2.0.2",
            "source": {
                "type": "git",
                "url": "https://github.com/php-fig/container.git",
                "reference": "c71ecc56dfe541dbd90c5360474fbc405f8d5963"
            },
            "dist": {
                "type": "zip",
                "url": "https://api.github.com/repos/php-fig/container/zipball/c71ecc56dfe541dbd90c5360474fbc405f8d5963",
                "reference": "c71ecc56dfe541dbd90c5360474fbc405f8d5963",
                "shasum": ""
            },
            "require": {
                "php": ">=7.4.0"
            },
            "type": "library",
            "extra": {
                "branch-alias": {
                    "dev-master": "2.0.x-dev"
                }
            },
            "autoload": {
                "psr-4": {
                    "Psr\\Container\\": "src/"
                }
            },
            "notification-url": "https://packagist.org/downloads/",
            "license": [
                "MIT"
            ],
            "authors": [
                {
                    "name": "PHP-FIG",
                    "homepage": "https://www.php-fig.org/"
                }
            ],
            "description": "Common Container Interface (PHP FIG PSR-11)",
            "homepage": "https://github.com/php-fig/container",
            "keywords": [
                "PSR-11",
                "container",
                "container-interface",
                "container-interop",
                "psr"
            ],
            "support": {
                "issues": "https://github.com/php-fig/container/issues",
                "source": "https://github.com/php-fig/container/tree/2.0.2"
            },
            "time": "2021-11-05T16:47:00+00:00"
        },
        {
            "name": "psr/log",
            "version": "3.0.0",
            "source": {
                "type": "git",
                "url": "https://github.com/php-fig/log.git",
                "reference": "fe5ea303b0887d5caefd3d431c3e61ad47037001"
            },
            "dist": {
                "type": "zip",
                "url": "https://api.github.com/repos/php-fig/log/zipball/fe5ea303b0887d5caefd3d431c3e61ad47037001",
                "reference": "fe5ea303b0887d5caefd3d431c3e61ad47037001",
                "shasum": ""
            },
            "require": {
                "php": ">=8.0.0"
            },
            "type": "library",
            "extra": {
                "branch-alias": {
                    "dev-master": "3.x-dev"
                }
            },
            "autoload": {
                "psr-4": {
                    "Psr\\Log\\": "src"
                }
            },
            "notification-url": "https://packagist.org/downloads/",
            "license": [
                "MIT"
            ],
            "authors": [
                {
                    "name": "PHP-FIG",
                    "homepage": "https://www.php-fig.org/"
                }
            ],
            "description": "Common interface for logging libraries",
            "homepage": "https://github.com/php-fig/log",
            "keywords": [
                "log",
                "psr",
                "psr-3"
            ],
            "support": {
                "source": "https://github.com/php-fig/log/tree/3.0.0"
            },
            "time": "2021-07-14T16:46:02+00:00"
        },
        {
            "name": "spiral/core",
            "version": "3.12.0",
            "source": {
                "type": "git",
                "url": "https://github.com/spiral/core.git",
                "reference": "ff67345f70c0d133978fcbc25275d4db2f7f9d29"
            },
            "dist": {
                "type": "zip",
                "url": "https://api.github.com/repos/spiral/core/zipball/ff67345f70c0d133978fcbc25275d4db2f7f9d29",
                "reference": "ff67345f70c0d133978fcbc25275d4db2f7f9d29",
                "shasum": ""
            },
            "require": {
                "php": ">=8.1",
                "psr/container": "^1.1|^2.0"
            },
            "provide": {
                "psr/container-implementation": "^1.1|^2.0"
            },
            "require-dev": {
                "mockery/mockery": "^1.5",
                "phpunit/phpunit": "^10.1",
                "vimeo/psalm": "^5.9"
            },
            "type": "library",
            "extra": {
                "branch-alias": {
                    "dev-master": "3.12.x-dev"
                }
            },
            "autoload": {
                "psr-4": {
                    "Spiral\\Core\\": "src"
                }
            },
            "notification-url": "https://packagist.org/downloads/",
            "license": [
                "MIT"
            ],
            "authors": [
                {
                    "name": "Anton Titov (wolfy-j)",
                    "email": "wolfy-j@spiralscout.com"
                },
                {
                    "name": "Pavel Butchnev (butschster)",
                    "email": "pavel.buchnev@spiralscout.com"
                },
                {
                    "name": "Aleksei Gagarin (roxblnfk)",
                    "email": "alexey.gagarin@spiralscout.com"
                },
                {
                    "name": "Maksim Smakouz (msmakouz)",
                    "email": "maksim.smakouz@spiralscout.com"
                }
            ],
            "description": "IoC container, IoC scopes, factory, memory, configuration interfaces",
            "homepage": "https://spiral.dev",
            "support": {
                "issues": "https://github.com/spiral/framework/issues",
                "source": "https://github.com/spiral/core"
            },
            "time": "2024-02-29T13:09:34+00:00"
        },
        {
            "name": "spiral/pagination",
            "version": "3.12.0",
            "source": {
                "type": "git",
                "url": "https://github.com/spiral/pagination.git",
                "reference": "71fdc75ff5801d8794fb3aeb19af5edf734b07b1"
            },
            "dist": {
                "type": "zip",
                "url": "https://api.github.com/repos/spiral/pagination/zipball/71fdc75ff5801d8794fb3aeb19af5edf734b07b1",
                "reference": "71fdc75ff5801d8794fb3aeb19af5edf734b07b1",
                "shasum": ""
            },
            "require": {
                "php": ">=8.1"
            },
            "require-dev": {
                "mockery/mockery": "^1.5",
                "phpunit/phpunit": "^10.1",
                "vimeo/psalm": "^5.9"
            },
            "type": "library",
            "extra": {
                "branch-alias": {
                    "dev-master": "3.12.x-dev"
                }
            },
            "autoload": {
                "psr-4": {
                    "Spiral\\Pagination\\": "src"
                }
            },
            "notification-url": "https://packagist.org/downloads/",
            "license": [
                "MIT"
            ],
            "authors": [
                {
                    "name": "Anton Titov (wolfy-j)",
                    "email": "wolfy-j@spiralscout.com"
                },
                {
                    "name": "Pavel Butchnev (butschster)",
                    "email": "pavel.buchnev@spiralscout.com"
                },
                {
                    "name": "Aleksei Gagarin (roxblnfk)",
                    "email": "alexey.gagarin@spiralscout.com"
                },
                {
                    "name": "Maksim Smakouz (msmakouz)",
                    "email": "maksim.smakouz@spiralscout.com"
                }
            ],
            "description": "Common pagination interfaces",
            "homepage": "https://spiral.dev",
            "support": {
                "issues": "https://github.com/spiral/framework/issues",
                "source": "https://github.com/spiral/pagination"
            },
            "time": "2023-12-21T14:43:25+00:00"
        },
        {
            "name": "symfony/polyfill-ctype",
            "version": "v1.28.0",
            "source": {
                "type": "git",
                "url": "https://github.com/symfony/polyfill-ctype.git",
                "reference": "ea208ce43cbb04af6867b4fdddb1bdbf84cc28cb"
            },
            "dist": {
                "type": "zip",
                "url": "https://api.github.com/repos/symfony/polyfill-ctype/zipball/ea208ce43cbb04af6867b4fdddb1bdbf84cc28cb",
                "reference": "ea208ce43cbb04af6867b4fdddb1bdbf84cc28cb",
                "shasum": ""
            },
            "require": {
                "php": ">=7.1"
            },
            "provide": {
                "ext-ctype": "*"
            },
            "suggest": {
                "ext-ctype": "For best performance"
            },
            "type": "library",
            "extra": {
                "branch-alias": {
                    "dev-main": "1.28-dev"
                },
                "thanks": {
                    "name": "symfony/polyfill",
                    "url": "https://github.com/symfony/polyfill"
                }
            },
            "autoload": {
                "files": [
                    "bootstrap.php"
                ],
                "psr-4": {
                    "Symfony\\Polyfill\\Ctype\\": ""
                }
            },
            "notification-url": "https://packagist.org/downloads/",
            "license": [
                "MIT"
            ],
            "authors": [
                {
                    "name": "Gert de Pagter",
                    "email": "BackEndTea@gmail.com"
                },
                {
                    "name": "Symfony Community",
                    "homepage": "https://symfony.com/contributors"
                }
            ],
            "description": "Symfony polyfill for ctype functions",
            "homepage": "https://symfony.com",
            "keywords": [
                "compatibility",
                "ctype",
                "polyfill",
                "portable"
            ],
            "support": {
                "source": "https://github.com/symfony/polyfill-ctype/tree/v1.28.0"
            },
            "funding": [
                {
                    "url": "https://symfony.com/sponsor",
                    "type": "custom"
                },
                {
                    "url": "https://github.com/fabpot",
                    "type": "github"
                },
                {
                    "url": "https://tidelift.com/funding/github/packagist/symfony/symfony",
                    "type": "tidelift"
                }
            ],
            "time": "2023-01-26T09:26:14+00:00"
        },
        {
            "name": "symfony/polyfill-mbstring",
            "version": "v1.28.0",
            "source": {
                "type": "git",
                "url": "https://github.com/symfony/polyfill-mbstring.git",
                "reference": "42292d99c55abe617799667f454222c54c60e229"
            },
            "dist": {
                "type": "zip",
                "url": "https://api.github.com/repos/symfony/polyfill-mbstring/zipball/42292d99c55abe617799667f454222c54c60e229",
                "reference": "42292d99c55abe617799667f454222c54c60e229",
                "shasum": ""
            },
            "require": {
                "php": ">=7.1"
            },
            "provide": {
                "ext-mbstring": "*"
            },
            "suggest": {
                "ext-mbstring": "For best performance"
            },
            "type": "library",
            "extra": {
                "branch-alias": {
                    "dev-main": "1.28-dev"
                },
                "thanks": {
                    "name": "symfony/polyfill",
                    "url": "https://github.com/symfony/polyfill"
                }
            },
            "autoload": {
                "files": [
                    "bootstrap.php"
                ],
                "psr-4": {
                    "Symfony\\Polyfill\\Mbstring\\": ""
                }
            },
            "notification-url": "https://packagist.org/downloads/",
            "license": [
                "MIT"
            ],
            "authors": [
                {
                    "name": "Nicolas Grekas",
                    "email": "p@tchwork.com"
                },
                {
                    "name": "Symfony Community",
                    "homepage": "https://symfony.com/contributors"
                }
            ],
            "description": "Symfony polyfill for the Mbstring extension",
            "homepage": "https://symfony.com",
            "keywords": [
                "compatibility",
                "mbstring",
                "polyfill",
                "portable",
                "shim"
            ],
            "support": {
                "source": "https://github.com/symfony/polyfill-mbstring/tree/v1.28.0"
            },
            "funding": [
                {
                    "url": "https://symfony.com/sponsor",
                    "type": "custom"
                },
                {
                    "url": "https://github.com/fabpot",
                    "type": "github"
                },
                {
                    "url": "https://tidelift.com/funding/github/packagist/symfony/symfony",
                    "type": "tidelift"
                }
            ],
            "time": "2023-07-28T09:04:16+00:00"
        },
        {
            "name": "symfony/polyfill-php80",
            "version": "v1.28.0",
            "source": {
                "type": "git",
                "url": "https://github.com/symfony/polyfill-php80.git",
                "reference": "6caa57379c4aec19c0a12a38b59b26487dcfe4b5"
            },
            "dist": {
                "type": "zip",
                "url": "https://api.github.com/repos/symfony/polyfill-php80/zipball/6caa57379c4aec19c0a12a38b59b26487dcfe4b5",
                "reference": "6caa57379c4aec19c0a12a38b59b26487dcfe4b5",
                "shasum": ""
            },
            "require": {
                "php": ">=7.1"
            },
            "type": "library",
            "extra": {
                "branch-alias": {
                    "dev-main": "1.28-dev"
                },
                "thanks": {
                    "name": "symfony/polyfill",
                    "url": "https://github.com/symfony/polyfill"
                }
            },
            "autoload": {
                "files": [
                    "bootstrap.php"
                ],
                "psr-4": {
                    "Symfony\\Polyfill\\Php80\\": ""
                },
                "classmap": [
                    "Resources/stubs"
                ]
            },
            "notification-url": "https://packagist.org/downloads/",
            "license": [
                "MIT"
            ],
            "authors": [
                {
                    "name": "Ion Bazan",
                    "email": "ion.bazan@gmail.com"
                },
                {
                    "name": "Nicolas Grekas",
                    "email": "p@tchwork.com"
                },
                {
                    "name": "Symfony Community",
                    "homepage": "https://symfony.com/contributors"
                }
            ],
            "description": "Symfony polyfill backporting some PHP 8.0+ features to lower PHP versions",
            "homepage": "https://symfony.com",
            "keywords": [
                "compatibility",
                "polyfill",
                "portable",
                "shim"
            ],
            "support": {
                "source": "https://github.com/symfony/polyfill-php80/tree/v1.28.0"
            },
            "funding": [
                {
                    "url": "https://symfony.com/sponsor",
                    "type": "custom"
                },
                {
                    "url": "https://github.com/fabpot",
                    "type": "github"
                },
                {
                    "url": "https://tidelift.com/funding/github/packagist/symfony/symfony",
                    "type": "tidelift"
                }
            ],
            "time": "2023-01-26T09:26:14+00:00"
        },
        {
            "name": "symfony/polyfill-php83",
            "version": "v1.29.0",
            "source": {
                "type": "git",
                "url": "https://github.com/symfony/polyfill-php83.git",
                "reference": "86fcae159633351e5fd145d1c47de6c528f8caff"
            },
            "dist": {
                "type": "zip",
                "url": "https://api.github.com/repos/symfony/polyfill-php83/zipball/86fcae159633351e5fd145d1c47de6c528f8caff",
                "reference": "86fcae159633351e5fd145d1c47de6c528f8caff",
                "shasum": ""
            },
            "require": {
                "php": ">=7.1",
                "symfony/polyfill-php80": "^1.14"
            },
            "type": "library",
            "extra": {
                "thanks": {
                    "name": "symfony/polyfill",
                    "url": "https://github.com/symfony/polyfill"
                }
            },
            "autoload": {
                "files": [
                    "bootstrap.php"
                ],
                "psr-4": {
                    "Symfony\\Polyfill\\Php83\\": ""
                },
                "classmap": [
                    "Resources/stubs"
                ]
            },
            "notification-url": "https://packagist.org/downloads/",
            "license": [
                "MIT"
            ],
            "authors": [
                {
                    "name": "Nicolas Grekas",
                    "email": "p@tchwork.com"
                },
                {
                    "name": "Symfony Community",
                    "homepage": "https://symfony.com/contributors"
                }
            ],
            "description": "Symfony polyfill backporting some PHP 8.3+ features to lower PHP versions",
            "homepage": "https://symfony.com",
            "keywords": [
                "compatibility",
                "polyfill",
                "portable",
                "shim"
            ],
            "support": {
                "source": "https://github.com/symfony/polyfill-php83/tree/v1.29.0"
            },
            "funding": [
                {
                    "url": "https://symfony.com/sponsor",
                    "type": "custom"
                },
                {
                    "url": "https://github.com/fabpot",
                    "type": "github"
                },
                {
                    "url": "https://tidelift.com/funding/github/packagist/symfony/symfony",
                    "type": "tidelift"
                }
            ],
            "time": "2024-01-29T20:11:03+00:00"
        },
        {
            "name": "symfony/var-dumper",
            "version": "v7.0.7",
            "source": {
                "type": "git",
                "url": "https://github.com/symfony/var-dumper.git",
                "reference": "d1627b66fd87c8b4d90cabe5671c29d575690924"
            },
            "dist": {
                "type": "zip",
                "url": "https://api.github.com/repos/symfony/var-dumper/zipball/d1627b66fd87c8b4d90cabe5671c29d575690924",
                "reference": "d1627b66fd87c8b4d90cabe5671c29d575690924",
                "shasum": ""
            },
            "require": {
                "php": ">=8.2",
                "symfony/polyfill-mbstring": "~1.0"
            },
            "conflict": {
                "symfony/console": "<6.4"
            },
            "require-dev": {
                "ext-iconv": "*",
                "symfony/console": "^6.4|^7.0",
                "symfony/http-kernel": "^6.4|^7.0",
                "symfony/process": "^6.4|^7.0",
                "symfony/uid": "^6.4|^7.0",
                "twig/twig": "^3.0.4"
            },
            "bin": [
                "Resources/bin/var-dump-server"
            ],
            "type": "library",
            "autoload": {
                "files": [
                    "Resources/functions/dump.php"
                ],
                "psr-4": {
                    "Symfony\\Component\\VarDumper\\": ""
                },
                "exclude-from-classmap": [
                    "/Tests/"
                ]
            },
            "notification-url": "https://packagist.org/downloads/",
            "license": [
                "MIT"
            ],
            "authors": [
                {
                    "name": "Nicolas Grekas",
                    "email": "p@tchwork.com"
                },
                {
                    "name": "Symfony Community",
                    "homepage": "https://symfony.com/contributors"
                }
            ],
            "description": "Provides mechanisms for walking through any arbitrary PHP variable",
            "homepage": "https://symfony.com",
            "keywords": [
                "debug",
                "dump"
            ],
            "support": {
                "source": "https://github.com/symfony/var-dumper/tree/v7.0.7"
            },
            "funding": [
                {
                    "url": "https://symfony.com/sponsor",
                    "type": "custom"
                },
                {
                    "url": "https://github.com/fabpot",
                    "type": "github"
                },
                {
                    "url": "https://tidelift.com/funding/github/packagist/symfony/symfony",
                    "type": "tidelift"
                }
            ],
            "time": "2024-04-18T09:29:19+00:00"
        },
        {
            "name": "vlucas/phpdotenv",
            "version": "v5.6.0",
            "source": {
                "type": "git",
                "url": "https://github.com/vlucas/phpdotenv.git",
                "reference": "2cf9fb6054c2bb1d59d1f3817706ecdb9d2934c4"
            },
            "dist": {
                "type": "zip",
                "url": "https://api.github.com/repos/vlucas/phpdotenv/zipball/2cf9fb6054c2bb1d59d1f3817706ecdb9d2934c4",
                "reference": "2cf9fb6054c2bb1d59d1f3817706ecdb9d2934c4",
                "shasum": ""
            },
            "require": {
                "ext-pcre": "*",
                "graham-campbell/result-type": "^1.1.2",
                "php": "^7.2.5 || ^8.0",
                "phpoption/phpoption": "^1.9.2",
                "symfony/polyfill-ctype": "^1.24",
                "symfony/polyfill-mbstring": "^1.24",
                "symfony/polyfill-php80": "^1.24"
            },
            "require-dev": {
                "bamarni/composer-bin-plugin": "^1.8.2",
                "ext-filter": "*",
                "phpunit/phpunit": "^8.5.34 || ^9.6.13 || ^10.4.2"
            },
            "suggest": {
                "ext-filter": "Required to use the boolean validator."
            },
            "type": "library",
            "extra": {
                "bamarni-bin": {
                    "bin-links": true,
                    "forward-command": true
                },
                "branch-alias": {
                    "dev-master": "5.6-dev"
                }
            },
            "autoload": {
                "psr-4": {
                    "Dotenv\\": "src/"
                }
            },
            "notification-url": "https://packagist.org/downloads/",
            "license": [
                "BSD-3-Clause"
            ],
            "authors": [
                {
                    "name": "Graham Campbell",
                    "email": "hello@gjcampbell.co.uk",
                    "homepage": "https://github.com/GrahamCampbell"
                },
                {
                    "name": "Vance Lucas",
                    "email": "vance@vancelucas.com",
                    "homepage": "https://github.com/vlucas"
                }
            ],
            "description": "Loads environment variables from `.env` to `getenv()`, `$_ENV` and `$_SERVER` automagically.",
            "keywords": [
                "dotenv",
                "env",
                "environment"
            ],
            "support": {
                "issues": "https://github.com/vlucas/phpdotenv/issues",
                "source": "https://github.com/vlucas/phpdotenv/tree/v5.6.0"
            },
            "funding": [
                {
                    "url": "https://github.com/GrahamCampbell",
                    "type": "github"
                },
                {
                    "url": "https://tidelift.com/funding/github/packagist/vlucas/phpdotenv",
                    "type": "tidelift"
                }
            ],
            "time": "2023-11-12T22:43:29+00:00"
        }
    ],
    "packages-dev": [],
    "aliases": [],
    "minimum-stability": "stable",
    "stability-flags": [],
    "prefer-stable": false,
    "prefer-lowest": false,
    "platform": [],
    "platform-dev": [],
    "plugin-api-version": "2.6.0"
}
